
Microsoft Visual Studio Solution File, Format Version 12.00
Project("{FAE04EC0-301F-11D3-BF4B-00C04F79EFBC}") = "DokusoftConnector.Main", "DokusoftConnector.Main\DokusoftConnector.Main.csproj", "{877EC665-15F1-4722-8432-76060FB6A65D}"
EndProject
Project("{9A19103F-16F7-4668-BE54-9A1E7A4F7556}") = "_build", "..\..\build\_build.csproj", "{336C247A-A148-4389-86D3-3B27E201531E}"
EndProject
Project("{FAE04EC0-301F-11D3-BF4B-00C04F79EFBC}") = "DokuSoft.IO", "DokuSoft.IO\DokuSoft.IO.csproj", "{D3805539-B74B-4034-930C-170F9FC54B87}"
EndProject
Project("{FAE04EC0-301F-11D3-BF4B-00C04F79EFBC}") = "Dokusoft.Data", "Dokusoft.Data\Dokusoft.Data.csproj", "{9424BA27-234F-4E79-BE7F-4D56F0A281BA}"
EndProject
Project("{FAE04EC0-301F-11D3-BF4B-00C04F79EFBC}") = "Dokusoft.Ui", "Dokusoft.Ui\Dokusoft.Ui.csproj", "{992809AD-3B1C-4BE4-9345-331E50D31694}"
EndProject
Global
	GlobalSection(SolutionConfigurationPlatforms) = preSolution
		Debug|Any CPU = Debug|Any CPU
		Release|Any CPU = Release|Any CPU
	EndGlobalSection
	GlobalSection(ProjectConfigurationPlatforms) = postSolution
		{336C247A-A148-4389-86D3-3B27E201531E}.Debug|Any CPU.ActiveCfg = Debug|Any CPU
		{336C247A-A148-4389-86D3-3B27E201531E}.Release|Any CPU.ActiveCfg = Release|Any CPU
		{877EC665-15F1-4722-8432-76060FB6A65D}.Debug|Any CPU.ActiveCfg = Debug|Any CPU
		{877EC665-15F1-4722-8432-76060FB6A65D}.Debug|Any CPU.Build.0 = Debug|Any CPU
		{877EC665-15F1-4722-8432-76060FB6A65D}.Release|Any CPU.ActiveCfg = Release|Any CPU
		{877EC665-15F1-4722-8432-76060FB6A65D}.Release|Any CPU.Build.0 = Release|Any CPU
		{D3805539-B74B-4034-930C-170F9FC54B87}.Debug|Any CPU.ActiveCfg = Debug|Any CPU
		{D3805539-B74B-4034-930C-170F9FC54B87}.Debug|Any CPU.Build.0 = Debug|Any CPU
		{D3805539-B74B-4034-930C-170F9FC54B87}.Release|Any CPU.ActiveCfg = Release|Any CPU
		{D3805539-B74B-4034-930C-170F9FC54B87}.Release|Any CPU.Build.0 = Release|Any CPU
		{9424BA27-234F-4E79-BE7F-4D56F0A281BA}.Debug|Any CPU.ActiveCfg = Debug|Any CPU
		{9424BA27-234F-4E79-BE7F-4D56F0A281BA}.Debug|Any CPU.Build.0 = Debug|Any CPU
		{9424BA27-234F-4E79-BE7F-4D56F0A281BA}.Release|Any CPU.ActiveCfg = Release|Any CPU
		{9424BA27-234F-4E79-BE7F-4D56F0A281BA}.Release|Any CPU.Build.0 = Release|Any CPU
		{992809AD-3B1C-4BE4-9345-331E50D31694}.Debug|Any CPU.ActiveCfg = Debug|Any CPU
		{992809AD-3B1C-4BE4-9345-331E50D31694}.Debug|Any CPU.Build.0 = Debug|Any CPU
		{992809AD-3B1C-4BE4-9345-331E50D31694}.Release|Any CPU.ActiveCfg = Release|Any CPU
		{992809AD-3B1C-4BE4-9345-331E50D31694}.Release|Any CPU.Build.0 = Release|Any CPU
	EndGlobalSection
EndGlobal
